// !$*UTF8*$!
{
	archiveVersion = 1;
	classes = {
	};
	objectVersion = 56;
	objects = {

/* Begin PBXBuildFile section */
		7EC5A9B929C6745E00985885 /* AppDelegate.swift in Sources */ = {isa = PBXBuildFile; fileRef = 7EC5A9B829C6745E00985885 /* AppDelegate.swift */; };
		7EC5A9BB29C6745E00985885 /* SceneDelegate.swift in Sources */ = {isa = PBXBuildFile; fileRef = 7EC5A9BA29C6745E00985885 /* SceneDelegate.swift */; };
		7EC5A9BD29C6745E00985885 /* ViewController.swift in Sources */ = {isa = PBXBuildFile; fileRef = 7EC5A9BC29C6745E00985885 /* ViewController.swift */; };
		7EC5A9C029C6745E00985885 /* Main.storyboard in Resources */ = {isa = PBXBuildFile; fileRef = 7EC5A9BE29C6745E00985885 /* Main.storyboard */; };
		7EC5A9C229C6746100985885 /* Assets.xcassets in Resources */ = {isa = PBXBuildFile; fileRef = 7EC5A9C129C6746100985885 /* Assets.xcassets */; };
		7EC5A9C529C6746100985885 /* LaunchScreen.storyboard in Resources */ = {isa = PBXBuildFile; fileRef = 7EC5A9C329C6746100985885 /* LaunchScreen.storyboard */; };
		7EC5A9CD29C6781700985885 /* Constants.swift in Sources */ = {isa = PBXBuildFile; fileRef = 7EC5A9CC29C6781700985885 /* Constants.swift */; };
		AC559B5F44B7709DFA59802A /* Pods_MakeAPICall.framework in Frameworks */ = {isa = PBXBuildFile; fileRef = 5998AB82163458A7A4C2C269 /* Pods_MakeAPICall.framework */; };
/* End PBXBuildFile section */

/* Begin PBXFileReference section */
		5998AB82163458A7A4C2C269 /* Pods_MakeAPICall.framework */ = {isa = PBXFileReference; explicitFileType = wrapper.framework; includeInIndex = 0; path = Pods_MakeAPICall.framework; sourceTree = BUILT_PRODUCTS_DIR; };
		7EC5A9B529C6745E00985885 /* MakeAPICall.app */ = {isa = PBXFileReference; explicitFileType = wrapper.application; includeInIndex = 0; path = MakeAPICall.app; sourceTree = BUILT_PRODUCTS_DIR; };
		7EC5A9B829C6745E00985885 /* AppDelegate.swift */ = {isa = PBXFileReference; lastKnownFileType = sourcecode.swift; path = AppDelegate.swift; sourceTree = "<group>"; };
		7EC5A9BA29C6745E00985885 /* SceneDelegate.swift */ = {isa = PBXFileReference; lastKnownFileType = sourcecode.swift; path = SceneDelegate.swift; sourceTree = "<group>"; };
		7EC5A9BC29C6745E00985885 /* ViewController.swift */ = {isa = PBXFileReference; lastKnownFileType = sourcecode.swift; path = ViewController.swift; sourceTree = "<group>"; };
		7EC5A9BF29C6745E00985885 /* Base */ = {isa = PBXFileReference; lastKnownFileType = file.storyboard; name = Base; path = Base.lproj/Main.storyboard; sourceTree = "<group>"; };
		7EC5A9C129C6746100985885 /* Assets.xcassets */ = {isa = PBXFileReference; lastKnownFileType = folder.assetcatalog; path = Assets.xcassets; sourceTree = "<group>"; };
		7EC5A9C429C6746100985885 /* Base */ = {isa = PBXFileReference; lastKnownFileType = file.storyboard; name = Base; path = Base.lproj/LaunchScreen.storyboard; sourceTree = "<group>"; };
		7EC5A9C629C6746100985885 /* Info.plist */ = {isa = PBXFileReference; lastKnownFileType = text.plist.xml; path = Info.plist; sourceTree = "<group>"; };
		7EC5A9CC29C6781700985885 /* Constants.swift */ = {isa = PBXFileReference; lastKnownFileType = sourcecode.swift; path = Constants.swift; sourceTree = "<group>"; };
		D61716CFCBAF1D54CF52040D /* Pods-MakeAPICall.release.xcconfig */ = {isa = PBXFileReference; includeInIndex = 1; lastKnownFileType = text.xcconfig; name = "Pods-MakeAPICall.release.xcconfig"; path = "Target Support Files/Pods-MakeAPICall/Pods-MakeAPICall.release.xcconfig"; sourceTree = "<group>"; };
		E087F279C723B31812BEF60D /* Pods-MakeAPICall.debug.xcconfig */ = {isa = PBXFileReference; includeInIndex = 1; lastKnownFileType = text.xcconfig; name = "Pods-MakeAPICall.debug.xcconfig"; path = "Target Support Files/Pods-MakeAPICall/Pods-MakeAPICall.debug.xcconfig"; sourceTree = "<group>"; };
/* End PBXFileReference section */

/* Begin PBXFrameworksBuildPhase section */
		7EC5A9B229C6745E00985885 /* Frameworks */ = {
			isa = PBXFrameworksBuildPhase;
			buildActionMask = 2147483647;
			files = (
				AC559B5F44B7709DFA59802A /* Pods_MakeAPICall.framework in Frameworks */,
			);
			runOnlyForDeploymentPostprocessing = 0;
		};
/* End PBXFrameworksBuildPhase section */

/* Begin PBXGroup section */
		7EC5A9AC29C6745E00985885 = {
			isa = PBXGroup;
			children = (
				7EC5A9B729C6745E00985885 /* MakeAPICall */,
				7EC5A9B629C6745E00985885 /* Products */,
				9BAD03E0A3E36C08CC7A849B /* Pods */,
				B5CFBC59E2735ED50C4AB61F /* Frameworks */,
			);
			sourceTree = "<group>";
		};
		7EC5A9B629C6745E00985885 /* Products */ = {
			isa = PBXGroup;
			children = (
				7EC5A9B529C6745E00985885 /* MakeAPICall.app */,
			);
			name = Products;
			sourceTree = "<group>";
		};
		7EC5A9B729C6745E00985885 /* MakeAPICall */ = {
			isa = PBXGroup;
			children = (
				7EC5A9B829C6745E00985885 /* AppDelegate.swift */,
				7EC5A9BA29C6745E00985885 /* SceneDelegate.swift */,
				7EC5A9BC29C6745E00985885 /* ViewController.swift */,
				7EC5A9BE29C6745E00985885 /* Main.storyboard */,
				7EC5A9C129C6746100985885 /* Assets.xcassets */,
				7EC5A9C329C6746100985885 /* LaunchScreen.storyboard */,
				7EC5A9C629C6746100985885 /* Info.plist */,
				7EC5A9CC29C6781700985885 /* Constants.swift */,
			);
			path = MakeAPICall;
			sourceTree = "<group>";
		};
		9BAD03E0A3E36C08CC7A849B /* Pods */ = {
			isa = PBXGroup;
			children = (
				E087F279C723B31812BEF60D /* Pods-MakeAPICall.debug.xcconfig */,
				D61716CFCBAF1D54CF52040D /* Pods-MakeAPICall.release.xcconfig */,
			);
			name = Pods;
			path = Pods;
			sourceTree = "<group>";
		};
		B5CFBC59E2735ED50C4AB61F /* Frameworks */ = {
			isa = PBXGroup;
			children = (
				5998AB82163458A7A4C2C269 /* Pods_MakeAPICall.framework */,
			);
			name = Frameworks;
			sourceTree = "<group>";
		};
/* End PBXGroup section */

/* Begin PBXNativeTarget section */
		7EC5A9B429C6745E00985885 /* MakeAPICall */ = {
			isa = PBXNativeTarget;
			buildConfigurationList = 7EC5A9C929C6746100985885 /* Build configuration list for PBXNativeTarget "MakeAPICall" */;
			buildPhases = (
				7346EB0F1281D29B52349583 /* [CP] Check Pods Manifest.lock */,
				7EC5A9B129C6745E00985885 /* Sources */,
				7EC5A9B229C6745E00985885 /* Frameworks */,
				7EC5A9B329C6745E00985885 /* Resources */,
				FC99E9EB5F9064C668AADFE8 /* [CP] Embed Pods Frameworks */,
			);
			buildRules = (
			);
			dependencies = (
			);
			name = MakeAPICall;
			productName = MakeAPICall;
			productReference = 7EC5A9B529C6745E00985885 /* MakeAPICall.app */;
			productType = "com.apple.product-type.application";
		};
/* End PBXNativeTarget section */

/* Begin PBXProject section */
		7EC5A9AD29C6745E00985885 /* Project object */ = {
			isa = PBXProject;
			attributes = {
				BuildIndependentTargetsInParallel = 1;
				LastSwiftUpdateCheck = 1420;
				LastUpgradeCheck = 1420;
				TargetAttributes = {
					7EC5A9B429C6745E00985885 = {
						CreatedOnToolsVersion = 14.2;
					};
				};
			};
			buildConfigurationList = 7EC5A9B029C6745E00985885 /* Build configuration list for PBXProject "MakeAPICall" */;
			compatibilityVersion = "Xcode 14.0";
			developmentRegion = en;
			hasScannedForEncodings = 0;
			knownRegions = (
				en,
				Base,
			);
			mainGroup = 7EC5A9AC29C6745E00985885;
			productRefGroup = 7EC5A9B629C6745E00985885 /* Products */;
			projectDirPath = "";
			projectRoot = "";
			targets = (
				7EC5A9B429C6745E00985885 /* MakeAPICall */,
			);
		};
/* End PBXProject section */

/* Begin PBXResourcesBuildPhase section */
		7EC5A9B329C6745E00985885 /* Resources */ = {
			isa = PBXResourcesBuildPhase;
			buildActionMask = 2147483647;
			files = (
				7EC5A9C529C6746100985885 /* LaunchScreen.storyboard in Resources */,
				7EC5A9C229C6746100985885 /* Assets.xcassets in Resources */,
				7EC5A9C029C6745E00985885 /* Main.storyboard in Resources */,
			);
			runOnlyForDeploymentPostprocessing = 0;
		};
/* End PBXResourcesBuildPhase section */

/* Begin PBXShellScriptBuildPhase section */
		7346EB0F1281D29B52349583 /* [CP] Check Pods Manifest.lock */ = {
			isa = PBXShellScriptBuildPhase;
			buildActionMask = 2147483647;
			files = (
			);
			inputFileListPaths = (
			);
			inputPaths = (
				"${PODS_PODFILE_DIR_PATH}/Podfile.lock",
				"${PODS_ROOT}/Manifest.lock",
			);
			name = "[CP] Check Pods Manifest.lock";
			outputFileListPaths = (
			);
			outputPaths = (
				"$(DERIVED_FILE_DIR)/Pods-MakeAPICall-checkManifestLockResult.txt",
			);
			runOnlyForDeploymentPostprocessing = 0;
			shellPath = /bin/sh;
			shellScript = "diff \"${PODS_PODFILE_DIR_PATH}/Podfile.lock\" \"${PODS_ROOT}/Manifest.lock\" > /dev/null\nif [ $? != 0 ] ; then\n    # print error to STDERR\n    echo \"error: The sandbox is not in sync with the Podfile.lock. Run 'pod install' or update your CocoaPods installation.\" >&2\n    exit 1\nfi\n# This output is used by Xcode 'outputs' to avoid re-running this script phase.\necho \"SUCCESS\" > \"${SCRIPT_OUTPUT_FILE_0}\"\n";
			showEnvVarsInLog = 0;
		};
		FC99E9EB5F9064C668AADFE8 /* [CP] Embed Pods Frameworks */ = {
			isa = PBXShellScriptBuildPhase;
			buildActionMask = 2147483647;
			files = (
			);
			inputFileListPaths = (
				"${PODS_ROOT}/Target Support Files/Pods-MakeAPICall/Pods-MakeAPICall-frameworks-${CONFIGURATION}-input-files.xcfilelist",
			);
			name = "[CP] Embed Pods Frameworks";
			outputFileListPaths = (
				"${PODS_ROOT}/Target Support Files/Pods-MakeAPICall/Pods-MakeAPICall-frameworks-${CONFIGURATION}-output-files.xcfilelist",
			);
			runOnlyForDeploymentPostprocessing = 0;
			shellPath = /bin/sh;
			shellScript = "\"${PODS_ROOT}/Target Support Files/Pods-MakeAPICall/Pods-MakeAPICall-frameworks.sh\"\n";
			showEnvVarsInLog = 0;
		};
/* End PBXShellScriptBuildPhase section */

/* Begin PBXSourcesBuildPhase section */
		7EC5A9B129C6745E00985885 /* Sources */ = {
			isa = PBXSourcesBuildPhase;
			buildActionMask = 2147483647;
			files = (
				7EC5A9BD29C6745E00985885 /* ViewController.swift in Sources */,
				7EC5A9B929C6745E00985885 /* AppDelegate.swift in Sources */,
				7EC5A9BB29C6745E00985885 /* SceneDelegate.swift in Sources */,
				7EC5A9CD29C6781700985885 /* Constants.swift in Sources */,
			);
			runOnlyForDeploymentPostprocessing = 0;
		};
/* End PBXSourcesBuildPhase section */

/* Begin PBXVariantGroup section */
		7EC5A9BE29C6745E00985885 /* Main.storyboard */ = {
			isa = PBXVariantGroup;
			children = (
				7EC5A9BF29C6745E00985885 /* Base */,
			);
			name = Main.storyboard;
			sourceTree = "<group>";
		};
		7EC5A9C329C6746100985885 /* LaunchScreen.storyboard */ = {
			isa = PBXVariantGroup;
			children = (
				7EC5A9C429C6746100985885 /* Base */,
			);
			name = LaunchScreen.storyboard;
			sourceTree = "<group>";
		};
/* End PBXVariantGroup section */

/* Begin XCBuildConfiguration section */
		7EC5A9C729C6746100985885 /* Debug */ = {
			isa = XCBuildConfiguration;
			buildSettings = {
				ALWAYS_SEARCH_USER_PATHS = NO;
				CLANG_ANALYZER_NONNULL = YES;
				CLANG_ANALYZER_NUMBER_OBJECT_CONVERSION = YES_AGGRESSIVE;
				CLANG_CXX_LANGUAGE_STANDARD = "gnu++20";
				CLANG_ENABLE_MODULES = YES;
				CLANG_ENABLE_OBJC_ARC = YES;
				CLANG_ENABLE_OBJC_WEAK = YES;
				CLANG_WARN_BLOCK_CAPTURE_AUTORELEASING = YES;
				CLANG_WARN_BOOL_CONVERSION = YES;
				CLANG_WARN_COMMA = YES;
				CLANG_WARN_CONSTANT_CONVERSION = YES;
				CLANG_WARN_DEPRECATED_OBJC_IMPLEMENTATIONS = YES;
				CLANG_WARN_DIRECT_OBJC_ISA_USAGE = YES_ERROR;
				CLANG_WARN_DOCUMENTATION_COMMENTS = YES;
				CLANG_WARN_EMPTY_BODY = YES;
				CLANG_WARN_ENUM_CONVERSION = YES;
				CLANG_WARN_INFINITE_RECURSION = YES;
				CLANG_WARN_INT_CONVERSION = YES;
				CLANG_WARN_NON_LITERAL_NULL_CONVERSION = YES;
				CLANG_WARN_OBJC_IMPLICIT_RETAIN_SELF = YES;
				CLANG_WARN_OBJC_LITERAL_CONVERSION = YES;
				CLANG_WARN_OBJC_ROOT_CLASS = YES_ERROR;
				CLANG_WARN_QUOTED_INCLUDE_IN_FRAMEWORK_HEADER = YES;
				CLANG_WARN_RANGE_LOOP_ANALYSIS = YES;
				CLANG_WARN_STRICT_PROTOTYPES = YES;
				CLANG_WARN_SUSPICIOUS_MOVE = YES;
				CLANG_WARN_UNGUARDED_AVAILABILITY = YES_AGGRESSIVE;
				CLANG_WARN_UNREACHABLE_CODE = YES;
				CLANG_WARN__DUPLICATE_METHOD_MATCH = YES;
				COPY_PHASE_STRIP = NO;
				DEBUG_INFORMATION_FORMAT = dwarf;
				ENABLE_STRICT_OBJC_MSGSEND = YES;
				ENABLE_TESTABILITY = YES;
				GCC_C_LANGUAGE_STANDARD = gnu11;
				GCC_DYNAMIC_NO_PIC = NO;
				GCC_NO_COMMON_BLOCKS = YES;
				GCC_OPTIMIZATION_LEVEL = 0;
				GCC_PREPROCESSOR_DEFINITIONS = (
					"DEBUG=1",
					"$(inherited)",
				);
				GCC_WARN_64_TO_32_BIT_CONVERSION = YES;
				GCC_WARN_ABOUT_RETURN_TYPE = YES_ERROR;
				GCC_WARN_UNDECLARED_SELECTOR = YES;
				GCC_WARN_UNINITIALIZED_AUTOS = YES_AGGRESSIVE;
				GCC_WARN_UNUSED_FUNCTION = YES;
				GCC_WARN_UNUSED_VARIABLE = YES;
				IPHONEOS_DEPLOYMENT_TARGET = 16.2;
				MTL_ENABLE_DEBUG_INFO = INCLUDE_SOURCE;
				MTL_FAST_MATH = YES;
				ONLY_ACTIVE_ARCH = YES;
				SDKROOT = iphoneos;
				SWIFT_ACTIVE_COMPILATION_CONDITIONS = DEBUG;
				SWIFT_OPTIMIZATION_LEVEL = "-Onone";
			};
			name = Debug;
		};
		7EC5A9C829C6746100985885 /* Release */ = {
			isa = XCBuildConfiguration;
			buildSettings = {
				ALWAYS_SEARCH_USER_PATHS = NO;
				CLANG_ANALYZER_NONNULL = YES;
				CLANG_ANALYZER_NUMBER_OBJECT_CONVERSION = YES_AGGRESSIVE;
				CLANG_CXX_LANGUAGE_STANDARD = "gnu++20";
				CLANG_ENABLE_MODULES = YES;
				CLANG_ENABLE_OBJC_ARC = YES;
				CLANG_ENABLE_OBJC_WEAK = YES;
				CLANG_WARN_BLOCK_CAPTURE_AUTORELEASING = YES;
				CLANG_WARN_BOOL_CONVERSION = YES;
				CLANG_WARN_COMMA = YES;
				CLANG_WARN_CONSTANT_CONVERSION = YES;
				CLANG_WARN_DEPRECATED_OBJC_IMPLEMENTATIONS = YES;
				CLANG_WARN_DIRECT_OBJC_ISA_USAGE = YES_ERROR;
				CLANG_WARN_DOCUMENTATION_COMMENTS = YES;
				CLANG_WARN_EMPTY_BODY = YES;
				CLANG_WARN_ENUM_CONVERSION = YES;
				CLANG_WARN_INFINITE_RECURSION = YES;
				CLANG_WARN_INT_CONVERSION = YES;
				CLANG_WARN_NON_LITERAL_NULL_CONVERSION = YES;
				CLANG_WARN_OBJC_IMPLICIT_RETAIN_SELF = YES;
				CLANG_WARN_OBJC_LITERAL_CONVERSION = YES;
				CLANG_WARN_OBJC_ROOT_CLASS = YES_ERROR;
				CLANG_WARN_QUOTED_INCLUDE_IN_FRAMEWORK_HEADER = YES;
				CLANG_WARN_RANGE_LOOP_ANALYSIS = YES;
				CLANG_WARN_STRICT_PROTOTYPES = YES;
				CLANG_WARN_SUSPICIOUS_MOVE = YES;
				CLANG_WARN_UNGUARDED_AVAILABILITY = YES_AGGRESSIVE;
				CLANG_WARN_UNREACHABLE_CODE = YES;
				CLANG_WARN__DUPLICATE_METHOD_MATCH = YES;
				COPY_PHASE_STRIP = NO;
				DEBUG_INFORMATION_FORMAT = "dwarf-with-dsym";
				ENABLE_NS_ASSERTIONS = NO;
				ENABLE_STRICT_OBJC_MSGSEND = YES;
				GCC_C_LANGUAGE_STANDARD = gnu11;
				GCC_NO_COMMON_BLOCKS = YES;
				GCC_WARN_64_TO_32_BIT_CONVERSION = YES;
				GCC_WARN_ABOUT_RETURN_TYPE = YES_ERROR;
				GCC_WARN_UNDECLARED_SELECTOR = YES;
				GCC_WARN_UNINITIALIZED_AUTOS = YES_AGGRESSIVE;
				GCC_WARN_UNUSED_FUNCTION = YES;
				GCC_WARN_UNUSED_VARIABLE = YES;
				IPHONEOS_DEPLOYMENT_TARGET = 16.2;
				MTL_ENABLE_DEBUG_INFO = NO;
				MTL_FAST_MATH = YES;
				SDKROOT = iphoneos;
				SWIFT_COMPILATION_MODE = wholemodule;
				SWIFT_OPTIMIZATION_LEVEL = "-O";
				VALIDATE_PRODUCT = YES;
			};
			name = Release;
		};
		7EC5A9CA29C6746100985885 /* Debug */ = {
			isa = XCBuildConfiguration;
			baseConfigurationReference = E087F279C723B31812BEF60D /* Pods-MakeAPICall.debug.xcconfig */;
			buildSettings = {
				ASSETCATALOG_COMPILER_APPICON_NAME = AppIcon;
				ASSETCATALOG_COMPILER_GLOBAL_ACCENT_COLOR_NAME = AccentColor;
				CODE_SIGN_STYLE = Automatic;
				CURRENT_PROJECT_VERSION = 1;
				GENERATE_INFOPLIST_FILE = YES;
				INFOPLIST_FILE = MakeAPICall/Info.plist;
				INFOPLIST_KEY_UIApplicationSupportsIndirectInputEvents = YES;
				INFOPLIST_KEY_UILaunchStoryboardName = LaunchScreen;
				INFOPLIST_KEY_UIMainStoryboardFile = Main;
				INFOPLIST_KEY_UISupportedInterfaceOrientations_iPad = "UIInterfaceOrientationPortrait UIInterfaceOrientationPortraitUpsideDown UIInterfaceOrientationLandscapeLeft UIInterfaceOrientationLandscapeRight";
				INFOPLIST_KEY_UISupportedInterfaceOrientations_iPhone = "UIInterfaceOrientationPortrait UIInterfaceOrientationLandscapeLeft UIInterfaceOrientationLandscapeRight";
				LD_RUNPATH_SEARCH_PATHS = (
					"$(inherited)",
					"@executable_path/Frameworks",
				);
				MARKETING_VERSION = 1.0;
				PRODUCT_BUNDLE_IDENTIFIER = edu.northeastern.huimin.MakeAPICall;
				PRODUCT_NAME = "$(TARGET_NAME)";
				SWIFT_EMIT_LOC_STRINGS = YES;
				SWIFT_VERSION = 5.0;
				TARGETED_DEVICE_FAMILY = "1,2";
			};
			name = Debug;
		};
		7EC5A9CB29C6746100985885 /* Release */ = {
			isa = XCBuildConfiguration;
			baseConfigurationReference = D61716CFCBAF1D54CF52040D /* Pods-MakeAPICall.release.xcconfig */;
			buildSettings = {
				ASSETCATALOG_COMPILER_APPICON_NAME = AppIcon;
				ASSETCATALOG_COMPILER_GLOBAL_ACCENT_COLOR_NAME = AccentColor;
				CODE_SIGN_STYLE = Automatic;
				CURRENT_PROJECT_VERSION = 1;
				GENERATE_INFOPLIST_FILE = YES;
				INFOPLIST_FILE = MakeAPICall/Info.plist;
				INFOPLIST_KEY_UIApplicationSupportsIndirectInputEvents = YES;
				INFOPLIST_KEY_UILaunchStoryboardName = LaunchScreen;
				INFOPLIST_KEY_UIMainStoryboardFile = Main;
				INFOPLIST_KEY_UISupportedInterfaceOrientations_iPad = "UIInterfaceOrientationPortrait UIInterfaceOrientationPortraitUpsideDown UIInterfaceOrientationLandscapeLeft UIInterfaceOrientationLandscapeRight";
				INFOPLIST_KEY_UISupportedInterfaceOrientations_iPhone = "UIInterfaceOrientationPortrait UIInterfaceOrientationLandscapeLeft UIInterfaceOrientationLandscapeRight";
				LD_RUNPATH_SEARCH_PATHS = (
					"$(inherited)",
					"@executable_path/Frameworks",
				);
				MARKETING_VERSION = 1.0;
				PRODUCT_BUNDLE_IDENTIFIER = edu.northeastern.huimin.MakeAPICall;
				PRODUCT_NAME = "$(TARGET_NAME)";
				SWIFT_EMIT_LOC_STRINGS = YES;
				SWIFT_VERSION = 5.0;
				TARGETED_DEVICE_FAMILY = "1,2";
			};
			name = Release;
		};
/* End XCBuildConfiguration section */

/* Begin XCConfigurationList section */
		7EC5A9B029C6745E00985885 /* Build configuration list for PBXProject "MakeAPICall" */ = {
			isa = XCConfigurationList;
			buildConfigurations = (
				7EC5A9C729C6746100985885 /* Debug */,
				7EC5A9C829C6746100985885 /* Release */,
			);
			defaultConfigurationIsVisible = 0;
			defaultConfigurationName = Release;
		};
		7EC5A9C929C6746100985885 /* Build configuration list for PBXNativeTarget "MakeAPICall" */ = {
			isa = XCConfigurationList;
			buildConfigurations = (
				7EC5A9CA29C6746100985885 /* Debug */,
				7EC5A9CB29C6746100985885 /* Release */,
			);
			defaultConfigurationIsVisible = 0;
			defaultConfigurationName = Release;
		};
/* End XCConfigurationList section */
	};
	rootObject = 7EC5A9AD29C6745E00985885 /* Project object */;
}
